// !$*UTF8*$!
{
	archiveVersion = 1;
	classes = {
	};
	objectVersion = 50;
	objects = {

/* Begin PBXBuildFile section */
		2D579254228471B700E9BD26 /* AppDelegate.swift in Sources */ = {isa = PBXBuildFile; fileRef = 2D579253228471B700E9BD26 /* AppDelegate.swift */; };
		2D579256228471B700E9BD26 /* ViewController.swift in Sources */ = {isa = PBXBuildFile; fileRef = 2D579255228471B700E9BD26 /* ViewController.swift */; };
		2D579259228471B700E9BD26 /* Main.storyboard in Resources */ = {isa = PBXBuildFile; fileRef = 2D579257228471B700E9BD26 /* Main.storyboard */; };
		2D57925C228471B700E9BD26 /* CivilizationSimulator.xcdatamodeld in Sources */ = {isa = PBXBuildFile; fileRef = 2D57925A228471B700E9BD26 /* CivilizationSimulator.xcdatamodeld */; };
		2D57925E228471B900E9BD26 /* Assets.xcassets in Resources */ = {isa = PBXBuildFile; fileRef = 2D57925D228471B900E9BD26 /* Assets.xcassets */; };
		2D579261228471B900E9BD26 /* LaunchScreen.storyboard in Resources */ = {isa = PBXBuildFile; fileRef = 2D57925F228471B900E9BD26 /* LaunchScreen.storyboard */; };
		2D57926C228471B900E9BD26 /* CivilizationSimulatorTests.swift in Sources */ = {isa = PBXBuildFile; fileRef = 2D57926B228471B900E9BD26 /* CivilizationSimulatorTests.swift */; };
		2D579277228471B900E9BD26 /* CivilizationSimulatorUITests.swift in Sources */ = {isa = PBXBuildFile; fileRef = 2D579276228471B900E9BD26 /* CivilizationSimulatorUITests.swift */; };
/* End PBXBuildFile section */

/* Begin PBXContainerItemProxy section */
		2D579268228471B900E9BD26 /* PBXContainerItemProxy */ = {
			isa = PBXContainerItemProxy;
			containerPortal = 2D579248228471B700E9BD26 /* Project object */;
			proxyType = 1;
			remoteGlobalIDString = 2D57924F228471B700E9BD26;
			remoteInfo = CivilizationSimulator;
		};
		2D579273228471B900E9BD26 /* PBXContainerItemProxy */ = {
			isa = PBXContainerItemProxy;
			containerPortal = 2D579248228471B700E9BD26 /* Project object */;
			proxyType = 1;
			remoteGlobalIDString = 2D57924F228471B700E9BD26;
			remoteInfo = CivilizationSimulator;
		};
/* End PBXContainerItemProxy section */

/* Begin PBXFileReference section */
		2D579250228471B700E9BD26 /* CivilizationSimulator.app */ = {isa = PBXFileReference; explicitFileType = wrapper.application; includeInIndex = 0; path = CivilizationSimulator.app; sourceTree = BUILT_PRODUCTS_DIR; };
		2D579253228471B700E9BD26 /* AppDelegate.swift */ = {isa = PBXFileReference; lastKnownFileType = sourcecode.swift; path = AppDelegate.swift; sourceTree = "<group>"; };
		2D579255228471B700E9BD26 /* ViewController.swift */ = {isa = PBXFileReference; lastKnownFileType = sourcecode.swift; path = ViewController.swift; sourceTree = "<group>"; };
		2D579258228471B700E9BD26 /* Base */ = {isa = PBXFileReference; lastKnownFileType = file.storyboard; name = Base; path = Base.lproj/Main.storyboard; sourceTree = "<group>"; };
		2D57925B228471B700E9BD26 /* CivilizationSimulator.xcdatamodel */ = {isa = PBXFileReference; lastKnownFileType = wrapper.xcdatamodel; path = CivilizationSimulator.xcdatamodel; sourceTree = "<group>"; };
		2D57925D228471B900E9BD26 /* Assets.xcassets */ = {isa = PBXFileReference; lastKnownFileType = folder.assetcatalog; path = Assets.xcassets; sourceTree = "<group>"; };
		2D579260228471B900E9BD26 /* Base */ = {isa = PBXFileReference; lastKnownFileType = file.storyboard; name = Base; path = Base.lproj/LaunchScreen.storyboard; sourceTree = "<group>"; };
		2D579262228471B900E9BD26 /* Info.plist */ = {isa = PBXFileReference; lastKnownFileType = text.plist.xml; path = Info.plist; sourceTree = "<group>"; };
		2D579267228471B900E9BD26 /* CivilizationSimulatorTests.xctest */ = {isa = PBXFileReference; explicitFileType = wrapper.cfbundle; includeInIndex = 0; path = CivilizationSimulatorTests.xctest; sourceTree = BUILT_PRODUCTS_DIR; };
		2D57926B228471B900E9BD26 /* CivilizationSimulatorTests.swift */ = {isa = PBXFileReference; lastKnownFileType = sourcecode.swift; path = CivilizationSimulatorTests.swift; sourceTree = "<group>"; };
		2D57926D228471B900E9BD26 /* Info.plist */ = {isa = PBXFileReference; lastKnownFileType = text.plist.xml; path = Info.plist; sourceTree = "<group>"; };
		2D579272228471B900E9BD26 /* CivilizationSimulatorUITests.xctest */ = {isa = PBXFileReference; explicitFileType = wrapper.cfbundle; includeInIndex = 0; path = CivilizationSimulatorUITests.xctest; sourceTree = BUILT_PRODUCTS_DIR; };
		2D579276228471B900E9BD26 /* CivilizationSimulatorUITests.swift */ = {isa = PBXFileReference; lastKnownFileType = sourcecode.swift; path = CivilizationSimulatorUITests.swift; sourceTree = "<group>"; };
		2D579278228471B900E9BD26 /* Info.plist */ = {isa = PBXFileReference; lastKnownFileType = text.plist.xml; path = Info.plist; sourceTree = "<group>"; };
/* End PBXFileReference section */

/* Begin PBXFrameworksBuildPhase section */
		2D57924D228471B700E9BD26 /* Frameworks */ = {
			isa = PBXFrameworksBuildPhase;
			buildActionMask = 2147483647;
			files = (
			);
			runOnlyForDeploymentPostprocessing = 0;
		};
		2D579264228471B900E9BD26 /* Frameworks */ = {
			isa = PBXFrameworksBuildPhase;
			buildActionMask = 2147483647;
			files = (
			);
			runOnlyForDeploymentPostprocessing = 0;
		};
		2D57926F228471B900E9BD26 /* Frameworks */ = {
			isa = PBXFrameworksBuildPhase;
			buildActionMask = 2147483647;
			files = (
			);
			runOnlyForDeploymentPostprocessing = 0;
		};
/* End PBXFrameworksBuildPhase section */

/* Begin PBXGroup section */
		2D579247228471B700E9BD26 = {
			isa = PBXGroup;
			children = (
				2D579252228471B700E9BD26 /* CivilizationSimulator */,
				2D57926A228471B900E9BD26 /* CivilizationSimulatorTests */,
				2D579275228471B900E9BD26 /* CivilizationSimulatorUITests */,
				2D579251228471B700E9BD26 /* Products */,
			);
			sourceTree = "<group>";
		};
		2D579251228471B700E9BD26 /* Products */ = {
			isa = PBXGroup;
			children = (
				2D579250228471B700E9BD26 /* CivilizationSimulator.app */,
				2D579267228471B900E9BD26 /* CivilizationSimulatorTests.xctest */,
				2D579272228471B900E9BD26 /* CivilizationSimulatorUITests.xctest */,
			);
			name = Products;
			sourceTree = "<group>";
		};
		2D579252228471B700E9BD26 /* CivilizationSimulator */ = {
			isa = PBXGroup;
			children = (
				2D579253228471B700E9BD26 /* AppDelegate.swift */,
				2D579255228471B700E9BD26 /* ViewController.swift */,
				2D579257228471B700E9BD26 /* Main.storyboard */,
				2D57925D228471B900E9BD26 /* Assets.xcassets */,
				2D57925F228471B900E9BD26 /* LaunchScreen.storyboard */,
				2D579262228471B900E9BD26 /* Info.plist */,
				2D57925A228471B700E9BD26 /* CivilizationSimulator.xcdatamodeld */,
			);
			path = CivilizationSimulator;
			sourceTree = "<group>";
		};
		2D57926A228471B900E9BD26 /* CivilizationSimulatorTests */ = {
			isa = PBXGroup;
			children = (
				2D57926B228471B900E9BD26 /* CivilizationSimulatorTests.swift */,
				2D57926D228471B900E9BD26 /* Info.plist */,
			);
			path = CivilizationSimulatorTests;
			sourceTree = "<group>";
		};
		2D579275228471B900E9BD26 /* CivilizationSimulatorUITests */ = {
			isa = PBXGroup;
			children = (
				2D579276228471B900E9BD26 /* CivilizationSimulatorUITests.swift */,
				2D579278228471B900E9BD26 /* Info.plist */,
			);
			path = CivilizationSimulatorUITests;
			sourceTree = "<group>";
		};
/* End PBXGroup section */

/* Begin PBXNativeTarget section */
		2D57924F228471B700E9BD26 /* CivilizationSimulator */ = {
			isa = PBXNativeTarget;
			buildConfigurationList = 2D57927B228471B900E9BD26 /* Build configuration list for PBXNativeTarget "CivilizationSimulator" */;
			buildPhases = (
				2D57924C228471B700E9BD26 /* Sources */,
				2D57924D228471B700E9BD26 /* Frameworks */,
				2D57924E228471B700E9BD26 /* Resources */,
			);
			buildRules = (
			);
			dependencies = (
			);
			name = CivilizationSimulator;
			productName = CivilizationSimulator;
			productReference = 2D579250228471B700E9BD26 /* CivilizationSimulator.app */;
			productType = "com.apple.product-type.application";
		};
		2D579266228471B900E9BD26 /* CivilizationSimulatorTests */ = {
			isa = PBXNativeTarget;
			buildConfigurationList = 2D57927E228471B900E9BD26 /* Build configuration list for PBXNativeTarget "CivilizationSimulatorTests" */;
			buildPhases = (
				2D579263228471B900E9BD26 /* Sources */,
				2D579264228471B900E9BD26 /* Frameworks */,
				2D579265228471B900E9BD26 /* Resources */,
			);
			buildRules = (
			);
			dependencies = (
				2D579269228471B900E9BD26 /* PBXTargetDependency */,
			);
			name = CivilizationSimulatorTests;
			productName = CivilizationSimulatorTests;
			productReference = 2D579267228471B900E9BD26 /* CivilizationSimulatorTests.xctest */;
			productType = "com.apple.product-type.bundle.unit-test";
		};
		2D579271228471B900E9BD26 /* CivilizationSimulatorUITests */ = {
			isa = PBXNativeTarget;
			buildConfigurationList = 2D579281228471B900E9BD26 /* Build configuration list for PBXNativeTarget "CivilizationSimulatorUITests" */;
			buildPhases = (
				2D57926E228471B900E9BD26 /* Sources */,
				2D57926F228471B900E9BD26 /* Frameworks */,
				2D579270228471B900E9BD26 /* Resources */,
			);
			buildRules = (
			);
			dependencies = (
				2D579274228471B900E9BD26 /* PBXTargetDependency */,
			);
			name = CivilizationSimulatorUITests;
			productName = CivilizationSimulatorUITests;
			productReference = 2D579272228471B900E9BD26 /* CivilizationSimulatorUITests.xctest */;
			productType = "com.apple.product-type.bundle.ui-testing";
		};
/* End PBXNativeTarget section */

/* Begin PBXProject section */
		2D579248228471B700E9BD26 /* Project object */ = {
			isa = PBXProject;
			attributes = {
				LastSwiftUpdateCheck = 1010;
				LastUpgradeCheck = 1010;
				ORGANIZATIONNAME = "Alex Beckerman 2019";
				TargetAttributes = {
					2D57924F228471B700E9BD26 = {
						CreatedOnToolsVersion = 10.1;
					};
					2D579266228471B900E9BD26 = {
						CreatedOnToolsVersion = 10.1;
						TestTargetID = 2D57924F228471B700E9BD26;
					};
					2D579271228471B900E9BD26 = {
						CreatedOnToolsVersion = 10.1;
						TestTargetID = 2D57924F228471B700E9BD26;
					};
				};
			};
			buildConfigurationList = 2D57924B228471B700E9BD26 /* Build configuration list for PBXProject "CivilizationSimulator" */;
			compatibilityVersion = "Xcode 9.3";
			developmentRegion = en;
			hasScannedForEncodings = 0;
			knownRegions = (
				en,
				Base,
			);
			mainGroup = 2D579247228471B700E9BD26;
			productRefGroup = 2D579251228471B700E9BD26 /* Products */;
			projectDirPath = "";
			projectRoot = "";
			targets = (
				2D57924F228471B700E9BD26 /* CivilizationSimulator */,
				2D579266228471B900E9BD26 /* CivilizationSimulatorTests */,
				2D579271228471B900E9BD26 /* CivilizationSimulatorUITests */,
			);
		};
/* End PBXProject section */

/* Begin PBXResourcesBuildPhase section */
		2D57924E228471B700E9BD26 /* Resources */ = {
			isa = PBXResourcesBuildPhase;
			buildActionMask = 2147483647;
			files = (
				2D579261228471B900E9BD26 /* LaunchScreen.storyboard in Resources */,
				2D57925E228471B900E9BD26 /* Assets.xcassets in Resources */,
				2D579259228471B700E9BD26 /* Main.storyboard in Resources */,
			);
			runOnlyForDeploymentPostprocessing = 0;
		};
		2D579265228471B900E9BD26 /* Resources */ = {
			isa = PBXResourcesBuildPhase;
			buildActionMask = 2147483647;
			files = (
			);
			runOnlyForDeploymentPostprocessing = 0;
		};
		2D579270228471B900E9BD26 /* Resources */ = {
			isa = PBXResourcesBuildPhase;
			buildActionMask = 2147483647;
			files = (
			);
			runOnlyForDeploymentPostprocessing = 0;
		};
/* End PBXResourcesBuildPhase section */

/* Begin PBXSourcesBuildPhase section */
		2D57924C228471B700E9BD26 /* Sources */ = {
			isa = PBXSourcesBuildPhase;
			buildActionMask = 2147483647;
			files = (
				2D579256228471B700E9BD26 /* ViewController.swift in Sources */,
				2D579254228471B700E9BD26 /* AppDelegate.swift in Sources */,
				2D57925C228471B700E9BD26 /* CivilizationSimulator.xcdatamodeld in Sources */,
			);
			runOnlyForDeploymentPostprocessing = 0;
		};
		2D579263228471B900E9BD26 /* Sources */ = {
			isa = PBXSourcesBuildPhase;
			buildActionMask = 2147483647;
			files = (
				2D57926C228471B900E9BD26 /* CivilizationSimulatorTests.swift in Sources */,
			);
			runOnlyForDeploymentPostprocessing = 0;
		};
		2D57926E228471B900E9BD26 /* Sources */ = {
			isa = PBXSourcesBuildPhase;
			buildActionMask = 2147483647;
			files = (
				2D579277228471B900E9BD26 /* CivilizationSimulatorUITests.swift in Sources */,
			);
			runOnlyForDeploymentPostprocessing = 0;
		};
/* End PBXSourcesBuildPhase section */

/* Begin PBXTargetDependency section */
		2D579269228471B900E9BD26 /* PBXTargetDependency */ = {
			isa = PBXTargetDependency;
			target = 2D57924F228471B700E9BD26 /* CivilizationSimulator */;
			targetProxy = 2D579268228471B900E9BD26 /* PBXContainerItemProxy */;
		};
		2D579274228471B900E9BD26 /* PBXTargetDependency */ = {
			isa = PBXTargetDependency;
			target = 2D57924F228471B700E9BD26 /* CivilizationSimulator */;
			targetProxy = 2D579273228471B900E9BD26 /* PBXContainerItemProxy */;
		};
/* End PBXTargetDependency section */

/* Begin PBXVariantGroup section */
		2D579257228471B700E9BD26 /* Main.storyboard */ = {
			isa = PBXVariantGroup;
			children = (
				2D579258228471B700E9BD26 /* Base */,
			);
			name = Main.storyboard;
			sourceTree = "<group>";
		};
		2D57925F228471B900E9BD26 /* LaunchScreen.storyboard */ = {
			isa = PBXVariantGroup;
			children = (
				2D579260228471B900E9BD26 /* Base */,
			);
			name = LaunchScreen.storyboard;
			sourceTree = "<group>";
		};
/* End PBXVariantGroup section */

/* Begin XCBuildConfiguration section */
		2D579279228471B900E9BD26 /* Debug */ = {
			isa = XCBuildConfiguration;
			buildSettings = {
				ALWAYS_SEARCH_USER_PATHS = NO;
				CLANG_ANALYZER_NONNULL = YES;
				CLANG_ANALYZER_NUMBER_OBJECT_CONVERSION = YES_AGGRESSIVE;
				CLANG_CXX_LANGUAGE_STANDARD = "gnu++14";
				CLANG_CXX_LIBRARY = "libc++";
				CLANG_ENABLE_MODULES = YES;
				CLANG_ENABLE_OBJC_ARC = YES;
				CLANG_ENABLE_OBJC_WEAK = YES;
				CLANG_WARN_BLOCK_CAPTURE_AUTORELEASING = YES;
				CLANG_WARN_BOOL_CONVERSION = YES;
				CLANG_WARN_COMMA = YES;
				CLANG_WARN_CONSTANT_CONVERSION = YES;
				CLANG_WARN_DEPRECATED_OBJC_IMPLEMENTATIONS = YES;
				CLANG_WARN_DIRECT_OBJC_ISA_USAGE = YES_ERROR;
				CLANG_WARN_DOCUMENTATION_COMMENTS = YES;
				CLANG_WARN_EMPTY_BODY = YES;
				CLANG_WARN_ENUM_CONVERSION = YES;
				CLANG_WARN_INFINITE_RECURSION = YES;
				CLANG_WARN_INT_CONVERSION = YES;
				CLANG_WARN_NON_LITERAL_NULL_CONVERSION = YES;
				CLANG_WARN_OBJC_IMPLICIT_RETAIN_SELF = YES;
				CLANG_WARN_OBJC_LITERAL_CONVERSION = YES;
				CLANG_WARN_OBJC_ROOT_CLASS = YES_ERROR;
				CLANG_WARN_RANGE_LOOP_ANALYSIS = YES;
				CLANG_WARN_STRICT_PROTOTYPES = YES;
				CLANG_WARN_SUSPICIOUS_MOVE = YES;
				CLANG_WARN_UNGUARDED_AVAILABILITY = YES_AGGRESSIVE;
				CLANG_WARN_UNREACHABLE_CODE = YES;
				CLANG_WARN__DUPLICATE_METHOD_MATCH = YES;
				CODE_SIGN_IDENTITY = "iPhone Developer";
				COPY_PHASE_STRIP = NO;
				DEBUG_INFORMATION_FORMAT = dwarf;
				ENABLE_STRICT_OBJC_MSGSEND = YES;
				ENABLE_TESTABILITY = YES;
				GCC_C_LANGUAGE_STANDARD = gnu11;
				GCC_DYNAMIC_NO_PIC = NO;
				GCC_NO_COMMON_BLOCKS = YES;
				GCC_OPTIMIZATION_LEVEL = 0;
				GCC_PREPROCESSOR_DEFINITIONS = (
					"DEBUG=1",
					"$(inherited)",
				);
				GCC_WARN_64_TO_32_BIT_CONVERSION = YES;
				GCC_WARN_ABOUT_RETURN_TYPE = YES_ERROR;
				GCC_WARN_UNDECLARED_SELECTOR = YES;
				GCC_WARN_UNINITIALIZED_AUTOS = YES_AGGRESSIVE;
				GCC_WARN_UNUSED_FUNCTION = YES;
				GCC_WARN_UNUSED_VARIABLE = YES;
				IPHONEOS_DEPLOYMENT_TARGET = 12.1;
				MTL_ENABLE_DEBUG_INFO = INCLUDE_SOURCE;
				MTL_FAST_MATH = YES;
				ONLY_ACTIVE_ARCH = YES;
				SDKROOT = iphoneos;
				SWIFT_ACTIVE_COMPILATION_CONDITIONS = DEBUG;
				SWIFT_OPTIMIZATION_LEVEL = "-Onone";
			};
			name = Debug;
		};
		2D57927A228471B900E9BD26 /* Release */ = {
			isa = XCBuildConfiguration;
			buildSettings = {
				ALWAYS_SEARCH_USER_PATHS = NO;
				CLANG_ANALYZER_NONNULL = YES;
				CLANG_ANALYZER_NUMBER_OBJECT_CONVERSION = YES_AGGRESSIVE;
				CLANG_CXX_LANGUAGE_STANDARD = "gnu++14";
				CLANG_CXX_LIBRARY = "libc++";
				CLANG_ENABLE_MODULES = YES;
				CLANG_ENABLE_OBJC_ARC = YES;
				CLANG_ENABLE_OBJC_WEAK = YES;
				CLANG_WARN_BLOCK_CAPTURE_AUTORELEASING = YES;
				CLANG_WARN_BOOL_CONVERSION = YES;
				CLANG_WARN_COMMA = YES;
				CLANG_WARN_CONSTANT_CONVERSION = YES;
				CLANG_WARN_DEPRECATED_OBJC_IMPLEMENTATIONS = YES;
				CLANG_WARN_DIRECT_OBJC_ISA_USAGE = YES_ERROR;
				CLANG_WARN_DOCUMENTATION_COMMENTS = YES;
				CLANG_WARN_EMPTY_BODY = YES;
				CLANG_WARN_ENUM_CONVERSION = YES;
				CLANG_WARN_INFINITE_RECURSION = YES;
				CLANG_WARN_INT_CONVERSION = YES;
				CLANG_WARN_NON_LITERAL_NULL_CONVERSION = YES;
				CLANG_WARN_OBJC_IMPLICIT_RETAIN_SELF = YES;
				CLANG_WARN_OBJC_LITERAL_CONVERSION = YES;
				CLANG_WARN_OBJC_ROOT_CLASS = YES_ERROR;
				CLANG_WARN_RANGE_LOOP_ANALYSIS = YES;
				CLANG_WARN_STRICT_PROTOTYPES = YES;
				CLANG_WARN_SUSPICIOUS_MOVE = YES;
				CLANG_WARN_UNGUARDED_AVAILABILITY = YES_AGGRESSIVE;
				CLANG_WARN_UNREACHABLE_CODE = YES;
				CLANG_WARN__DUPLICATE_METHOD_MATCH = YES;
				CODE_SIGN_IDENTITY = "iPhone Developer";
				COPY_PHASE_STRIP = NO;
				DEBUG_INFORMATION_FORMAT = "dwarf-with-dsym";
				ENABLE_NS_ASSERTIONS = NO;
				ENABLE_STRICT_OBJC_MSGSEND = YES;
				GCC_C_LANGUAGE_STANDARD = gnu11;
				GCC_NO_COMMON_BLOCKS = YES;
				GCC_WARN_64_TO_32_BIT_CONVERSION = YES;
				GCC_WARN_ABOUT_RETURN_TYPE = YES_ERROR;
				GCC_WARN_UNDECLARED_SELECTOR = YES;
				GCC_WARN_UNINITIALIZED_AUTOS = YES_AGGRESSIVE;
				GCC_WARN_UNUSED_FUNCTION = YES;
				GCC_WARN_UNUSED_VARIABLE = YES;
				IPHONEOS_DEPLOYMENT_TARGET = 12.1;
				MTL_ENABLE_DEBUG_INFO = NO;
				MTL_FAST_MATH = YES;
				SDKROOT = iphoneos;
				SWIFT_COMPILATION_MODE = wholemodule;
				SWIFT_OPTIMIZATION_LEVEL = "-O";
				VALIDATE_PRODUCT = YES;
			};
			name = Release;
		};
		2D57927C228471B900E9BD26 /* Debug */ = {
			isa = XCBuildConfiguration;
			buildSettings = {
				ASSETCATALOG_COMPILER_APPICON_NAME = AppIcon;
				CODE_SIGN_STYLE = Automatic;
				DEVELOPMENT_TEAM = XA3ADUSVZ6;
				INFOPLIST_FILE = CivilizationSimulator/Info.plist;
				LD_RUNPATH_SEARCH_PATHS = (
					"$(inherited)",
					"@executable_path/Frameworks",
				);
				PRODUCT_BUNDLE_IDENTIFIER = asb.CivilizationSimulator;
				PRODUCT_NAME = "$(TARGET_NAME)";
				SWIFT_VERSION = 4.2;
				TARGETED_DEVICE_FAMILY = "1,2";
			};
			name = Debug;
		};
		2D57927D228471B900E9BD26 /* Release */ = {
			isa = XCBuildConfiguration;
			buildSettings = {
				ASSETCATALOG_COMPILER_APPICON_NAME = AppIcon;
				CODE_SIGN_STYLE = Automatic;
				DEVELOPMENT_TEAM = XA3ADUSVZ6;
				INFOPLIST_FILE = CivilizationSimulator/Info.plist;
				LD_RUNPATH_SEARCH_PATHS = (
					"$(inherited)",
					"@executable_path/Frameworks",
				);
				PRODUCT_BUNDLE_IDENTIFIER = asb.CivilizationSimulator;
				PRODUCT_NAME = "$(TARGET_NAME)";
				SWIFT_VERSION = 4.2;
				TARGETED_DEVICE_FAMILY = "1,2";
			};
			name = Release;
		};
		2D57927F228471B900E9BD26 /* Debug */ = {
			isa = XCBuildConfiguration;
			buildSettings = {
				ALWAYS_EMBED_SWIFT_STANDARD_LIBRARIES = YES;
				BUNDLE_LOADER = "$(TEST_HOST)";
				CODE_SIGN_STYLE = Automatic;
				DEVELOPMENT_TEAM = XA3ADUSVZ6;
				INFOPLIST_FILE = CivilizationSimulatorTests/Info.plist;
				LD_RUNPATH_SEARCH_PATHS = (
					"$(inherited)",
					"@executable_path/Frameworks",
					"@loader_path/Frameworks",
				);
				PRODUCT_BUNDLE_IDENTIFIER = asb.CivilizationSimulatorTests;
				PRODUCT_NAME = "$(TARGET_NAME)";
				SWIFT_VERSION = 4.2;
				TARGETED_DEVICE_FAMILY = "1,2";
				TEST_HOST = "$(BUILT_PRODUCTS_DIR)/CivilizationSimulator.app/CivilizationSimulator";
			};
			name = Debug;
		};
		2D579280228471B900E9BD26 /* Release */ = {
			isa = XCBuildConfiguration;
			buildSettings = {
				ALWAYS_EMBED_SWIFT_STANDARD_LIBRARIES = YES;
				BUNDLE_LOADER = "$(TEST_HOST)";
				CODE_SIGN_STYLE = Automatic;
				DEVELOPMENT_TEAM = XA3ADUSVZ6;
				INFOPLIST_FILE = CivilizationSimulatorTests/Info.plist;
				LD_RUNPATH_SEARCH_PATHS = (
					"$(inherited)",
					"@executable_path/Frameworks",
					"@loader_path/Frameworks",
				);
				PRODUCT_BUNDLE_IDENTIFIER = asb.CivilizationSimulatorTests;
				PRODUCT_NAME = "$(TARGET_NAME)";
				SWIFT_VERSION = 4.2;
				TARGETED_DEVICE_FAMILY = "1,2";
				TEST_HOST = "$(BUILT_PRODUCTS_DIR)/CivilizationSimulator.app/CivilizationSimulator";
			};
			name = Release;
		};
		2D579282228471B900E9BD26 /* Debug */ = {
			isa = XCBuildConfiguration;
			buildSettings = {
				ALWAYS_EMBED_SWIFT_STANDARD_LIBRARIES = YES;
				CODE_SIGN_STYLE = Automatic;
				DEVELOPMENT_TEAM = XA3ADUSVZ6;
				INFOPLIST_FILE = CivilizationSimulatorUITests/Info.plist;
				LD_RUNPATH_SEARCH_PATHS = (
					"$(inherited)",
					"@executable_path/Frameworks",
					"@loader_path/Frameworks",
				);
				PRODUCT_BUNDLE_IDENTIFIER = asb.CivilizationSimulatorUITests;
				PRODUCT_NAME = "$(TARGET_NAME)";
				SWIFT_VERSION = 4.2;
				TARGETED_DEVICE_FAMILY = "1,2";
				TEST_TARGET_NAME = CivilizationSimulator;
			};
			name = Debug;
		};
		2D579283228471B900E9BD26 /* Release */ = {
			isa = XCBuildConfiguration;
			buildSettings = {
				ALWAYS_EMBED_SWIFT_STANDARD_LIBRARIES = YES;
				CODE_SIGN_STYLE = Automatic;
				DEVELOPMENT_TEAM = XA3ADUSVZ6;
				INFOPLIST_FILE = CivilizationSimulatorUITests/Info.plist;
				LD_RUNPATH_SEARCH_PATHS = (
					"$(inherited)",
					"@executable_path/Frameworks",
					"@loader_path/Frameworks",
				);
				PRODUCT_BUNDLE_IDENTIFIER = asb.CivilizationSimulatorUITests;
				PRODUCT_NAME = "$(TARGET_NAME)";
				SWIFT_VERSION = 4.2;
				TARGETED_DEVICE_FAMILY = "1,2";
				TEST_TARGET_NAME = CivilizationSimulator;
			};
			name = Release;
		};
/* End XCBuildConfiguration section */

/* Begin XCConfigurationList section */
		2D57924B228471B700E9BD26 /* Build configuration list for PBXProject "CivilizationSimulator" */ = {
			isa = XCConfigurationList;
			buildConfigurations = (
				2D579279228471B900E9BD26 /* Debug */,
				2D57927A228471B900E9BD26 /* Release */,
			);
			defaultConfigurationIsVisible = 0;
			defaultConfigurationName = Release;
		};
		2D57927B228471B900E9BD26 /* Build configuration list for PBXNativeTarget "CivilizationSimulator" */ = {
			isa = XCConfigurationList;
			buildConfigurations = (
				2D57927C228471B900E9BD26 /* Debug */,
				2D57927D228471B900E9BD26 /* Release */,
			);
			defaultConfigurationIsVisible = 0;
			defaultConfigurationName = Release;
		};
		2D57927E228471B900E9BD26 /* Build configuration list for PBXNativeTarget "CivilizationSimulatorTests" */ = {
			isa = XCConfigurationList;
			buildConfigurations = (
				2D57927F228471B900E9BD26 /* Debug */,
				2D579280228471B900E9BD26 /* Release */,
			);
			defaultConfigurationIsVisible = 0;
			defaultConfigurationName = Release;
		};
		2D579281228471B900E9BD26 /* Build configuration list for PBXNativeTarget "CivilizationSimulatorUITests" */ = {
			isa = XCConfigurationList;
			buildConfigurations = (
				2D579282228471B900E9BD26 /* Debug */,
				2D579283228471B900E9BD26 /* Release */,
			);
			defaultConfigurationIsVisible = 0;
			defaultConfigurationName = Release;
		};
/* End XCConfigurationList section */

/* Begin XCVersionGroup section */
		2D57925A228471B700E9BD26 /* CivilizationSimulator.xcdatamodeld */ = {
			isa = XCVersionGroup;
			children = (
				2D57925B228471B700E9BD26 /* CivilizationSimulator.xcdatamodel */,
			);
			currentVersion = 2D57925B228471B700E9BD26 /* CivilizationSimulator.xcdatamodel */;
			path = CivilizationSimulator.xcdatamodeld;
			sourceTree = "<group>";
			versionGroupType = wrapper.xcdatamodel;
		};
/* End XCVersionGroup section */
	};
	rootObject = 2D579248228471B700E9BD26 /* Project object */;
}
